
Microsoft Visual Studio Solution File, Format Version 12.00
# Visual Studio Version 16
VisualStudioVersion = 16.0.31129.286
MinimumVisualStudioVersion = 10.0.40219.1
Project("{FAE04EC0-301F-11D3-BF4B-00C04F79EFBC}") = "Prueba-de-GitHub", "Prueba-de-GitHub\Prueba-de-GitHub.csproj", "{C9EB489B-46F5-4A30-884C-1593B7D86723}"
EndProject
Global
	GlobalSection(SolutionConfigurationPlatforms) = preSolution
		Debug|Any CPU = Debug|Any CPU
		Release|Any CPU = Release|Any CPU
	EndGlobalSection
	GlobalSection(ProjectConfigurationPlatforms) = postSolution
		{C9EB489B-46F5-4A30-884C-1593B7D86723}.Debug|Any CPU.ActiveCfg = Debug|Any CPU
		{C9EB489B-46F5-4A30-884C-1593B7D86723}.Debug|Any CPU.Build.0 = Debug|Any CPU
		{C9EB489B-46F5-4A30-884C-1593B7D86723}.Release|Any CPU.ActiveCfg = Release|Any CPU
		{C9EB489B-46F5-4A30-884C-1593B7D86723}.Release|Any CPU.Build.0 = Release|Any CPU
	EndGlobalSection
	GlobalSection(SolutionProperties) = preSolution
		HideSolutionNode = FALSE
	EndGlobalSection
	GlobalSection(ExtensibilityGlobals) = postSolution
		SolutionGuid = {5989B70B-BBC9-4D74-9945-7269A2DF30B0}
	EndGlobalSection
EndGlobal
